{
  "originHash" : "982e6cfe1652171c989f052010354fd34f014564719dd0eaaf27ea49adf8f53c",
  "pins" : [
    {
      "identity" : "swiftgraph",
      "kind" : "remoteSourceControl",
      "location" : "https://github.com/NickTheFreak97/SwiftGraph",
      "state" : {
        "branch" : "msa",
        "revision" : "a00fc9e042d0afff473ef73ea0dc8cd80eca1b28"
      }
    },
    {
      "identity" : "ztronobservation",
      "kind" : "remoteSourceControl",
      "location" : "https://github.com/NiccoloBargioni/ZTronObservation",
      "state" : {
        "branch" : "main",
        "revision" : "23df954c27f5ea4608aa57b264a95fc02dc8a0d8"
      }
    }
  ],
  "version" : 3
}
